
Microsoft Visual Studio Solution File, Format Version 12.00
# Visual Studio 15
VisualStudioVersion = 15.0.28307.329
MinimumVisualStudioVersion = 10.0.40219.1
Project("{FAE04EC0-301F-11D3-BF4B-00C04F79EFBC}") = "dowhile_incrementby5", "dowhile_incrementby5\dowhile_incrementby5.csproj", "{87AE9C47-4EBE-4D33-AE54-28CC297EEEAB}"
EndProject
Global
	GlobalSection(SolutionConfigurationPlatforms) = preSolution
		Debug|Any CPU = Debug|Any CPU
		Release|Any CPU = Release|Any CPU
	EndGlobalSection
	GlobalSection(ProjectConfigurationPlatforms) = postSolution
		{87AE9C47-4EBE-4D33-AE54-28CC297EEEAB}.Debug|Any CPU.ActiveCfg = Debug|Any CPU
		{87AE9C47-4EBE-4D33-AE54-28CC297EEEAB}.Debug|Any CPU.Build.0 = Debug|Any CPU
		{87AE9C47-4EBE-4D33-AE54-28CC297EEEAB}.Release|Any CPU.ActiveCfg = Release|Any CPU
		{87AE9C47-4EBE-4D33-AE54-28CC297EEEAB}.Release|Any CPU.Build.0 = Release|Any CPU
	EndGlobalSection
	GlobalSection(SolutionProperties) = preSolution
		HideSolutionNode = FALSE
	EndGlobalSection
	GlobalSection(ExtensibilityGlobals) = postSolution
		SolutionGuid = {04C1E11E-BB04-4CC5-BC00-CDEEA3A61630}
	EndGlobalSection
EndGlobal
